
Microsoft Visual Studio Solution File, Format Version 12.00
# Visual Studio Version 17
VisualStudioVersion = 17.5.002.0
MinimumVisualStudioVersion = 10.0.40219.1
Project("{2150E333-8FDC-42A3-9474-1A3956D46DE8}") = "backend.net", "backend.net", "{3C6B751B-9E60-44B8-97C6-56879A63E3CF}"
EndProject
Project("{9A19103F-16F7-4668-BE54-9A1E7A4F7556}") = "backend.net", "backend.net\api\backend.net.csproj", "{8136C1BA-2794-4C56-A9BC-FD8B153607C8}"
EndProject
Global
	GlobalSection(SolutionConfigurationPlatforms) = preSolution
		Debug|Any CPU = Debug|Any CPU
		Release|Any CPU = Release|Any CPU
	EndGlobalSection
	GlobalSection(ProjectConfigurationPlatforms) = postSolution
		{8136C1BA-2794-4C56-A9BC-FD8B153607C8}.Debug|Any CPU.ActiveCfg = Debug|Any CPU
		{8136C1BA-2794-4C56-A9BC-FD8B153607C8}.Debug|Any CPU.Build.0 = Debug|Any CPU
		{8136C1BA-2794-4C56-A9BC-FD8B153607C8}.Release|Any CPU.ActiveCfg = Release|Any CPU
		{8136C1BA-2794-4C56-A9BC-FD8B153607C8}.Release|Any CPU.Build.0 = Release|Any CPU
	EndGlobalSection
	GlobalSection(SolutionProperties) = preSolution
		HideSolutionNode = FALSE
	EndGlobalSection
	GlobalSection(NestedProjects) = preSolution
		{8136C1BA-2794-4C56-A9BC-FD8B153607C8} = {3C6B751B-9E60-44B8-97C6-56879A63E3CF}
	EndGlobalSection
	GlobalSection(ExtensibilityGlobals) = postSolution
		SolutionGuid = {8451B38E-AA5A-4AAA-A082-FCC1B9F81AB6}
	EndGlobalSection
EndGlobal
